
Microsoft Visual Studio Solution File, Format Version 12.00
# Visual Studio Version 16
VisualStudioVersion = 16.0.28803.202
MinimumVisualStudioVersion = 10.0.40219.1
Project("{9A19103F-16F7-4668-BE54-9A1E7A4F7556}") = "LeetCode", "LeetCode\LeetCode.csproj", "{28D2E6B3-DBB7-4942-A574-DD0DF4073FDE}"
EndProject
Project("{FAE04EC0-301F-11D3-BF4B-00C04F79EFBC}") = "List", "List\List.csproj", "{D06B76F1-E2C7-46EF-B2C7-412E75A772E1}"
EndProject
Global
	GlobalSection(SolutionConfigurationPlatforms) = preSolution
		Debug|Any CPU = Debug|Any CPU
		Release|Any CPU = Release|Any CPU
	EndGlobalSection
	GlobalSection(ProjectConfigurationPlatforms) = postSolution
		{28D2E6B3-DBB7-4942-A574-DD0DF4073FDE}.Debug|Any CPU.ActiveCfg = Debug|Any CPU
		{28D2E6B3-DBB7-4942-A574-DD0DF4073FDE}.Debug|Any CPU.Build.0 = Debug|Any CPU
		{28D2E6B3-DBB7-4942-A574-DD0DF4073FDE}.Release|Any CPU.ActiveCfg = Release|Any CPU
		{28D2E6B3-DBB7-4942-A574-DD0DF4073FDE}.Release|Any CPU.Build.0 = Release|Any CPU
		{D06B76F1-E2C7-46EF-B2C7-412E75A772E1}.Debug|Any CPU.ActiveCfg = Debug|Any CPU
		{D06B76F1-E2C7-46EF-B2C7-412E75A772E1}.Debug|Any CPU.Build.0 = Debug|Any CPU
		{D06B76F1-E2C7-46EF-B2C7-412E75A772E1}.Release|Any CPU.ActiveCfg = Release|Any CPU
		{D06B76F1-E2C7-46EF-B2C7-412E75A772E1}.Release|Any CPU.Build.0 = Release|Any CPU
	EndGlobalSection
	GlobalSection(SolutionProperties) = preSolution
		HideSolutionNode = FALSE
	EndGlobalSection
	GlobalSection(ExtensibilityGlobals) = postSolution
		SolutionGuid = {561CFEC6-6AA0-4670-8773-71E337C27305}
	EndGlobalSection
EndGlobal
