
Microsoft Visual Studio Solution File, Format Version 12.00
# Visual Studio Version 16
VisualStudioVersion = 16.0.28803.202
MinimumVisualStudioVersion = 10.0.40219.1
Project("{9A19103F-16F7-4668-BE54-9A1E7A4F7556}") = "LeetCode", "ConsoleApp1\LeetCode.csproj", "{EEC3534C-886B-47F1-A24D-08BBFDC09769}"
EndProject
Global
	GlobalSection(SolutionConfigurationPlatforms) = preSolution
		Debug|Any CPU = Debug|Any CPU
		Release|Any CPU = Release|Any CPU
	EndGlobalSection
	GlobalSection(ProjectConfigurationPlatforms) = postSolution
		{EEC3534C-886B-47F1-A24D-08BBFDC09769}.Debug|Any CPU.ActiveCfg = Debug|Any CPU
		{EEC3534C-886B-47F1-A24D-08BBFDC09769}.Debug|Any CPU.Build.0 = Debug|Any CPU
		{EEC3534C-886B-47F1-A24D-08BBFDC09769}.Release|Any CPU.ActiveCfg = Release|Any CPU
		{EEC3534C-886B-47F1-A24D-08BBFDC09769}.Release|Any CPU.Build.0 = Release|Any CPU
	EndGlobalSection
	GlobalSection(SolutionProperties) = preSolution
		HideSolutionNode = FALSE
	EndGlobalSection
	GlobalSection(ExtensibilityGlobals) = postSolution
		SolutionGuid = {561CFEC6-6AA0-4670-8773-71E337C27305}
	EndGlobalSection
EndGlobal
